
Microsoft Visual Studio Solution File, Format Version 10.00
# Visual Studio 2008
Project("{E24C65DC-7377-472B-9ABA-BC803B73C61A}") = "ABC", ".", "{8CA193AD-ABCE-4F59-8305-A62D6116A980}"
	ProjectSection(WebsiteProperties) = preProject
		TargetFramework = "3.5"
		Debug.AspNetCompiler.VirtualPath = "/ABC"
		Debug.AspNetCompiler.PhysicalPath = "D:\New Project\ABC\"
		Debug.AspNetCompiler.TargetPath = "PrecompiledWeb\ABC\"
		Debug.AspNetCompiler.Updateable = "true"
		Debug.AspNetCompiler.ForceOverwrite = "true"
		Debug.AspNetCompiler.FixedNames = "false"
		Debug.AspNetCompiler.Debug = "True"
		Release.AspNetCompiler.VirtualPath = "/ABC"
		Release.AspNetCompiler.PhysicalPath = "D:\New Project\ABC\"
		Release.AspNetCompiler.TargetPath = "PrecompiledWeb\ABC\"
		Release.AspNetCompiler.Updateable = "true"
		Release.AspNetCompiler.ForceOverwrite = "true"
		Release.AspNetCompiler.FixedNames = "false"
		Release.AspNetCompiler.Debug = "False"
		VWDPort = "11637"
	EndProjectSection
EndProject
Global
	GlobalSection(SolutionConfigurationPlatforms) = preSolution
		Debug|.NET = Debug|.NET
	EndGlobalSection
	GlobalSection(ProjectConfigurationPlatforms) = postSolution
		{8CA193AD-ABCE-4F59-8305-A62D6116A980}.Debug|.NET.ActiveCfg = Debug|.NET
		{8CA193AD-ABCE-4F59-8305-A62D6116A980}.Debug|.NET.Build.0 = Debug|.NET
	EndGlobalSection
	GlobalSection(SolutionProperties) = preSolution
		HideSolutionNode = FALSE
	EndGlobalSection
EndGlobal
